
Microsoft Visual Studio Solution File, Format Version 12.00
# Visual Studio Version 16
VisualStudioVersion = 16.0.30114.105
MinimumVisualStudioVersion = 10.0.40219.1
Project("{FAE04EC0-301F-11D3-BF4B-00C04F79EFBC}") = "WebApi", "WebApi\WebApi.csproj", "{E217D9CA-7CDA-431F-96C5-A52488F53751}"
EndProject
Project("{2150E333-8FDC-42A3-9474-1A3956D46DE8}") = "Tests", "Tests", "{A1E6E616-2525-4ED8-ACDF-E3F11EE07BCE}"
EndProject
Project("{FAE04EC0-301F-11D3-BF4B-00C04F79EFBC}") = "WebApi.UnitTests", "Tests\WebApi.UnitTests\WebApi.UnitTests.csproj", "{0593743E-42C8-4476-A9DE-CC23EA9E1EEC}"
EndProject
Global
	GlobalSection(SolutionConfigurationPlatforms) = preSolution
		Debug|Any CPU = Debug|Any CPU
		Release|Any CPU = Release|Any CPU
	EndGlobalSection
	GlobalSection(SolutionProperties) = preSolution
		HideSolutionNode = FALSE
	EndGlobalSection
	GlobalSection(ProjectConfigurationPlatforms) = postSolution
		{E217D9CA-7CDA-431F-96C5-A52488F53751}.Debug|Any CPU.ActiveCfg = Debug|Any CPU
		{E217D9CA-7CDA-431F-96C5-A52488F53751}.Debug|Any CPU.Build.0 = Debug|Any CPU
		{E217D9CA-7CDA-431F-96C5-A52488F53751}.Release|Any CPU.ActiveCfg = Release|Any CPU
		{E217D9CA-7CDA-431F-96C5-A52488F53751}.Release|Any CPU.Build.0 = Release|Any CPU
		{0593743E-42C8-4476-A9DE-CC23EA9E1EEC}.Debug|Any CPU.ActiveCfg = Debug|Any CPU
		{0593743E-42C8-4476-A9DE-CC23EA9E1EEC}.Debug|Any CPU.Build.0 = Debug|Any CPU
		{0593743E-42C8-4476-A9DE-CC23EA9E1EEC}.Release|Any CPU.ActiveCfg = Release|Any CPU
		{0593743E-42C8-4476-A9DE-CC23EA9E1EEC}.Release|Any CPU.Build.0 = Release|Any CPU
	EndGlobalSection
	GlobalSection(NestedProjects) = preSolution
		{0593743E-42C8-4476-A9DE-CC23EA9E1EEC} = {A1E6E616-2525-4ED8-ACDF-E3F11EE07BCE}
	EndGlobalSection
EndGlobal
